// !$*UTF8*$!
{
	archiveVersion = 1;
	classes = {
	};
	objectVersion = 77;
	objects = {

/* Begin PBXContainerItemProxy section */
		A759AEAD2DBF1A2F00BDEC15 /* PBXContainerItemProxy */ = {
			isa = PBXContainerItemProxy;
			containerPortal = A759AE922DBF1A2D00BDEC15 /* Project object */;
			proxyType = 1;
			remoteGlobalIDString = A759AE992DBF1A2D00BDEC15;
			remoteInfo = MindfulMoment;
		};
		A759AEB72DBF1A2F00BDEC15 /* PBXContainerItemProxy */ = {
			isa = PBXContainerItemProxy;
			containerPortal = A759AE922DBF1A2D00BDEC15 /* Project object */;
			proxyType = 1;
			remoteGlobalIDString = A759AE992DBF1A2D00BDEC15;
			remoteInfo = MindfulMoment;
		};
/* End PBXContainerItemProxy section */

/* Begin PBXFileReference section */
		A759AE9A2DBF1A2D00BDEC15 /* MindfulMoment.app */ = {isa = PBXFileReference; explicitFileType = wrapper.application; includeInIndex = 0; path = MindfulMoment.app; sourceTree = BUILT_PRODUCTS_DIR; };
		A759AEAC2DBF1A2F00BDEC15 /* MindfulMomentTests.xctest */ = {isa = PBXFileReference; explicitFileType = wrapper.cfbundle; includeInIndex = 0; path = MindfulMomentTests.xctest; sourceTree = BUILT_PRODUCTS_DIR; };
		A759AEB62DBF1A2F00BDEC15 /* MindfulMomentUITests.xctest */ = {isa = PBXFileReference; explicitFileType = wrapper.cfbundle; includeInIndex = 0; path = MindfulMomentUITests.xctest; sourceTree = BUILT_PRODUCTS_DIR; };
/* End PBXFileReference section */

/* Begin PBXFileSystemSynchronizedRootGroup section */
		A759AE9C2DBF1A2D00BDEC15 /* MindfulMoment */ = {
			isa = PBXFileSystemSynchronizedRootGroup;
			path = MindfulMoment;
			sourceTree = "<group>";
		};
		A759AEAF2DBF1A2F00BDEC15 /* MindfulMomentTests */ = {
			isa = PBXFileSystemSynchronizedRootGroup;
			path = MindfulMomentTests;
			sourceTree = "<group>";
		};
		A759AEB92DBF1A2F00BDEC15 /* MindfulMomentUITests */ = {
			isa = PBXFileSystemSynchronizedRootGroup;
			path = MindfulMomentUITests;
			sourceTree = "<group>";
		};
/* End PBXFileSystemSynchronizedRootGroup section */

/* Begin PBXFrameworksBuildPhase section */
		A759AE972DBF1A2D00BDEC15 /* Frameworks */ = {
			isa = PBXFrameworksBuildPhase;
			buildActionMask = 2147483647;
			files = (
			);
			runOnlyForDeploymentPostprocessing = 0;
		};
		A759AEA92DBF1A2F00BDEC15 /* Frameworks */ = {
			isa = PBXFrameworksBuildPhase;
			buildActionMask = 2147483647;
			files = (
			);
			runOnlyForDeploymentPostprocessing = 0;
		};
		A759AEB32DBF1A2F00BDEC15 /* Frameworks */ = {
			isa = PBXFrameworksBuildPhase;
			buildActionMask = 2147483647;
			files = (
			);
			runOnlyForDeploymentPostprocessing = 0;
		};
/* End PBXFrameworksBuildPhase section */

/* Begin PBXGroup section */
		A759AE912DBF1A2D00BDEC15 = {
			isa = PBXGroup;
			children = (
				A759AE9C2DBF1A2D00BDEC15 /* MindfulMoment */,
				A759AEAF2DBF1A2F00BDEC15 /* MindfulMomentTests */,
				A759AEB92DBF1A2F00BDEC15 /* MindfulMomentUITests */,
				A759AE9B2DBF1A2D00BDEC15 /* Products */,
			);
			sourceTree = "<group>";
		};
		A759AE9B2DBF1A2D00BDEC15 /* Products */ = {
			isa = PBXGroup;
			children = (
				A759AE9A2DBF1A2D00BDEC15 /* MindfulMoment.app */,
				A759AEAC2DBF1A2F00BDEC15 /* MindfulMomentTests.xctest */,
				A759AEB62DBF1A2F00BDEC15 /* MindfulMomentUITests.xctest */,
			);
			name = Products;
			sourceTree = "<group>";
		};
/* End PBXGroup section */

/* Begin PBXNativeTarget section */
		A759AE992DBF1A2D00BDEC15 /* MindfulMoment */ = {
			isa = PBXNativeTarget;
			buildConfigurationList = A759AEC02DBF1A2F00BDEC15 /* Build configuration list for PBXNativeTarget "MindfulMoment" */;
			buildPhases = (
				A759AE962DBF1A2D00BDEC15 /* Sources */,
				A759AE972DBF1A2D00BDEC15 /* Frameworks */,
				A759AE982DBF1A2D00BDEC15 /* Resources */,
			);
			buildRules = (
			);
			dependencies = (
			);
			fileSystemSynchronizedGroups = (
				A759AE9C2DBF1A2D00BDEC15 /* MindfulMoment */,
			);
			name = MindfulMoment;
			packageProductDependencies = (
			);
			productName = MindfulMoment;
			productReference = A759AE9A2DBF1A2D00BDEC15 /* MindfulMoment.app */;
			productType = "com.apple.product-type.application";
		};
		A759AEAB2DBF1A2F00BDEC15 /* MindfulMomentTests */ = {
			isa = PBXNativeTarget;
			buildConfigurationList = A759AEC32DBF1A2F00BDEC15 /* Build configuration list for PBXNativeTarget "MindfulMomentTests" */;
			buildPhases = (
				A759AEA82DBF1A2F00BDEC15 /* Sources */,
				A759AEA92DBF1A2F00BDEC15 /* Frameworks */,
				A759AEAA2DBF1A2F00BDEC15 /* Resources */,
			);
			buildRules = (
			);
			dependencies = (
				A759AEAE2DBF1A2F00BDEC15 /* PBXTargetDependency */,
			);
			fileSystemSynchronizedGroups = (
				A759AEAF2DBF1A2F00BDEC15 /* MindfulMomentTests */,
			);
			name = MindfulMomentTests;
			packageProductDependencies = (
			);
			productName = MindfulMomentTests;
			productReference = A759AEAC2DBF1A2F00BDEC15 /* MindfulMomentTests.xctest */;
			productType = "com.apple.product-type.bundle.unit-test";
		};
		A759AEB52DBF1A2F00BDEC15 /* MindfulMomentUITests */ = {
			isa = PBXNativeTarget;
			buildConfigurationList = A759AEC62DBF1A2F00BDEC15 /* Build configuration list for PBXNativeTarget "MindfulMomentUITests" */;
			buildPhases = (
				A759AEB22DBF1A2F00BDEC15 /* Sources */,
				A759AEB32DBF1A2F00BDEC15 /* Frameworks */,
				A759AEB42DBF1A2F00BDEC15 /* Resources */,
			);
			buildRules = (
			);
			dependencies = (
				A759AEB82DBF1A2F00BDEC15 /* PBXTargetDependency */,
			);
			fileSystemSynchronizedGroups = (
				A759AEB92DBF1A2F00BDEC15 /* MindfulMomentUITests */,
			);
			name = MindfulMomentUITests;
			packageProductDependencies = (
			);
			productName = MindfulMomentUITests;
			productReference = A759AEB62DBF1A2F00BDEC15 /* MindfulMomentUITests.xctest */;
			productType = "com.apple.product-type.bundle.ui-testing";
		};
/* End PBXNativeTarget section */

/* Begin PBXProject section */
		A759AE922DBF1A2D00BDEC15 /* Project object */ = {
			isa = PBXProject;
			attributes = {
				BuildIndependentTargetsInParallel = 1;
				LastSwiftUpdateCheck = 1630;
				LastUpgradeCheck = 1630;
				TargetAttributes = {
					A759AE992DBF1A2D00BDEC15 = {
						CreatedOnToolsVersion = 16.3;
					};
					A759AEAB2DBF1A2F00BDEC15 = {
						CreatedOnToolsVersion = 16.3;
						TestTargetID = A759AE992DBF1A2D00BDEC15;
					};
					A759AEB52DBF1A2F00BDEC15 = {
						CreatedOnToolsVersion = 16.3;
						TestTargetID = A759AE992DBF1A2D00BDEC15;
					};
				};
			};
			buildConfigurationList = A759AE952DBF1A2D00BDEC15 /* Build configuration list for PBXProject "MindfulMoment" */;
			developmentRegion = en;
			hasScannedForEncodings = 0;
			knownRegions = (
				en,
				Base,
			);
			mainGroup = A759AE912DBF1A2D00BDEC15;
			minimizedProjectReferenceProxies = 1;
			preferredProjectObjectVersion = 77;
			productRefGroup = A759AE9B2DBF1A2D00BDEC15 /* Products */;
			projectDirPath = "";
			projectRoot = "";
			targets = (
				A759AE992DBF1A2D00BDEC15 /* MindfulMoment */,
				A759AEAB2DBF1A2F00BDEC15 /* MindfulMomentTests */,
				A759AEB52DBF1A2F00BDEC15 /* MindfulMomentUITests */,
			);
		};
/* End PBXProject section */

/* Begin PBXResourcesBuildPhase section */
		A759AE982DBF1A2D00BDEC15 /* Resources */ = {
			isa = PBXResourcesBuildPhase;
			buildActionMask = 2147483647;
			files = (
			);
			runOnlyForDeploymentPostprocessing = 0;
		};
		A759AEAA2DBF1A2F00BDEC15 /* Resources */ = {
			isa = PBXResourcesBuildPhase;
			buildActionMask = 2147483647;
			files = (
			);
			runOnlyForDeploymentPostprocessing = 0;
		};
		A759AEB42DBF1A2F00BDEC15 /* Resources */ = {
			isa = PBXResourcesBuildPhase;
			buildActionMask = 2147483647;
			files = (
			);
			runOnlyForDeploymentPostprocessing = 0;
		};
/* End PBXResourcesBuildPhase section */

/* Begin PBXSourcesBuildPhase section */
		A759AE962DBF1A2D00BDEC15 /* Sources */ = {
			isa = PBXSourcesBuildPhase;
			buildActionMask = 2147483647;
			files = (
			);
			runOnlyForDeploymentPostprocessing = 0;
		};
		A759AEA82DBF1A2F00BDEC15 /* Sources */ = {
			isa = PBXSourcesBuildPhase;
			buildActionMask = 2147483647;
			files = (
			);
			runOnlyForDeploymentPostprocessing = 0;
		};
		A759AEB22DBF1A2F00BDEC15 /* Sources */ = {
			isa = PBXSourcesBuildPhase;
			buildActionMask = 2147483647;
			files = (
			);
			runOnlyForDeploymentPostprocessing = 0;
		};
/* End PBXSourcesBuildPhase section */

/* Begin PBXTargetDependency section */
		A759AEAE2DBF1A2F00BDEC15 /* PBXTargetDependency */ = {
			isa = PBXTargetDependency;
			target = A759AE992DBF1A2D00BDEC15 /* MindfulMoment */;
			targetProxy = A759AEAD2DBF1A2F00BDEC15 /* PBXContainerItemProxy */;
		};
		A759AEB82DBF1A2F00BDEC15 /* PBXTargetDependency */ = {
			isa = PBXTargetDependency;
			target = A759AE992DBF1A2D00BDEC15 /* MindfulMoment */;
			targetProxy = A759AEB72DBF1A2F00BDEC15 /* PBXContainerItemProxy */;
		};
/* End PBXTargetDependency section */

/* Begin XCBuildConfiguration section */
		A759AEBE2DBF1A2F00BDEC15 /* Debug */ = {
			isa = XCBuildConfiguration;
			buildSettings = {
				ALWAYS_SEARCH_USER_PATHS = NO;
				ASSETCATALOG_COMPILER_GENERATE_SWIFT_ASSET_SYMBOL_EXTENSIONS = YES;
				CLANG_ANALYZER_NONNULL = YES;
				CLANG_ANALYZER_NUMBER_OBJECT_CONVERSION = YES_AGGRESSIVE;
				CLANG_CXX_LANGUAGE_STANDARD = "gnu++20";
				CLANG_ENABLE_MODULES = YES;
				CLANG_ENABLE_OBJC_ARC = YES;
				CLANG_ENABLE_OBJC_WEAK = YES;
				CLANG_WARN_BLOCK_CAPTURE_AUTORELEASING = YES;
				CLANG_WARN_BOOL_CONVERSION = YES;
				CLANG_WARN_COMMA = YES;
				CLANG_WARN_CONSTANT_CONVERSION = YES;
				CLANG_WARN_DEPRECATED_OBJC_IMPLEMENTATIONS = YES;
				CLANG_WARN_DIRECT_OBJC_ISA_USAGE = YES_ERROR;
				CLANG_WARN_DOCUMENTATION_COMMENTS = YES;
				CLANG_WARN_EMPTY_BODY = YES;
				CLANG_WARN_ENUM_CONVERSION = YES;
				CLANG_WARN_INFINITE_RECURSION = YES;
				CLANG_WARN_INT_CONVERSION = YES;
				CLANG_WARN_NON_LITERAL_NULL_CONVERSION = YES;
				CLANG_WARN_OBJC_IMPLICIT_RETAIN_SELF = YES;
				CLANG_WARN_OBJC_LITERAL_CONVERSION = YES;
				CLANG_WARN_OBJC_ROOT_CLASS = YES_ERROR;
				CLANG_WARN_QUOTED_INCLUDE_IN_FRAMEWORK_HEADER = YES;
				CLANG_WARN_RANGE_LOOP_ANALYSIS = YES;
				CLANG_WARN_STRICT_PROTOTYPES = YES;
				CLANG_WARN_SUSPICIOUS_MOVE = YES;
				CLANG_WARN_UNGUARDED_AVAILABILITY = YES_AGGRESSIVE;
				CLANG_WARN_UNREACHABLE_CODE = YES;
				CLANG_WARN__DUPLICATE_METHOD_MATCH = YES;
				COPY_PHASE_STRIP = NO;
				DEBUG_INFORMATION_FORMAT = dwarf;
				DEVELOPMENT_TEAM = M9U8JU9VM9;
				ENABLE_STRICT_OBJC_MSGSEND = YES;
				ENABLE_TESTABILITY = YES;
				ENABLE_USER_SCRIPT_SANDBOXING = YES;
				GCC_C_LANGUAGE_STANDARD = gnu17;
				GCC_DYNAMIC_NO_PIC = NO;
				GCC_NO_COMMON_BLOCKS = YES;
				GCC_OPTIMIZATION_LEVEL = 0;
				GCC_PREPROCESSOR_DEFINITIONS = (
					"DEBUG=1",
					"$(inherited)",
				);
				GCC_WARN_64_TO_32_BIT_CONVERSION = YES;
				GCC_WARN_ABOUT_RETURN_TYPE = YES_ERROR;
				GCC_WARN_UNDECLARED_SELECTOR = YES;
				GCC_WARN_UNINITIALIZED_AUTOS = YES_AGGRESSIVE;
				GCC_WARN_UNUSED_FUNCTION = YES;
				GCC_WARN_UNUSED_VARIABLE = YES;
				IPHONEOS_DEPLOYMENT_TARGET = 18.4;
				LOCALIZATION_PREFERS_STRING_CATALOGS = YES;
				MTL_ENABLE_DEBUG_INFO = INCLUDE_SOURCE;
				MTL_FAST_MATH = YES;
				ONLY_ACTIVE_ARCH = YES;
				SDKROOT = iphoneos;
				SWIFT_ACTIVE_COMPILATION_CONDITIONS = "DEBUG $(inherited)";
				SWIFT_OPTIMIZATION_LEVEL = "-Onone";
			};
			name = Debug;
		};
		A759AEBF2DBF1A2F00BDEC15 /* Release */ = {
			isa = XCBuildConfiguration;
			buildSettings = {
				ALWAYS_SEARCH_USER_PATHS = NO;
				ASSETCATALOG_COMPILER_GENERATE_SWIFT_ASSET_SYMBOL_EXTENSIONS = YES;
				CLANG_ANALYZER_NONNULL = YES;
				CLANG_ANALYZER_NUMBER_OBJECT_CONVERSION = YES_AGGRESSIVE;
				CLANG_CXX_LANGUAGE_STANDARD = "gnu++20";
				CLANG_ENABLE_MODULES = YES;
				CLANG_ENABLE_OBJC_ARC = YES;
				CLANG_ENABLE_OBJC_WEAK = YES;
				CLANG_WARN_BLOCK_CAPTURE_AUTORELEASING = YES;
				CLANG_WARN_BOOL_CONVERSION = YES;
				CLANG_WARN_COMMA = YES;
				CLANG_WARN_CONSTANT_CONVERSION = YES;
				CLANG_WARN_DEPRECATED_OBJC_IMPLEMENTATIONS = YES;
				CLANG_WARN_DIRECT_OBJC_ISA_USAGE = YES_ERROR;
				CLANG_WARN_DOCUMENTATION_COMMENTS = YES;
				CLANG_WARN_EMPTY_BODY = YES;
				CLANG_WARN_ENUM_CONVERSION = YES;
				CLANG_WARN_INFINITE_RECURSION = YES;
				CLANG_WARN_INT_CONVERSION = YES;
				CLANG_WARN_NON_LITERAL_NULL_CONVERSION = YES;
				CLANG_WARN_OBJC_IMPLICIT_RETAIN_SELF = YES;
				CLANG_WARN_OBJC_LITERAL_CONVERSION = YES;
				CLANG_WARN_OBJC_ROOT_CLASS = YES_ERROR;
				CLANG_WARN_QUOTED_INCLUDE_IN_FRAMEWORK_HEADER = YES;
				CLANG_WARN_RANGE_LOOP_ANALYSIS = YES;
				CLANG_WARN_STRICT_PROTOTYPES = YES;
				CLANG_WARN_SUSPICIOUS_MOVE = YES;
				CLANG_WARN_UNGUARDED_AVAILABILITY = YES_AGGRESSIVE;
				CLANG_WARN_UNREACHABLE_CODE = YES;
				CLANG_WARN__DUPLICATE_METHOD_MATCH = YES;
				COPY_PHASE_STRIP = NO;
				DEBUG_INFORMATION_FORMAT = "dwarf-with-dsym";
				DEVELOPMENT_TEAM = M9U8JU9VM9;
				ENABLE_NS_ASSERTIONS = NO;
				ENABLE_STRICT_OBJC_MSGSEND = YES;
				ENABLE_USER_SCRIPT_SANDBOXING = YES;
				GCC_C_LANGUAGE_STANDARD = gnu17;
				GCC_NO_COMMON_BLOCKS = YES;
				GCC_WARN_64_TO_32_BIT_CONVERSION = YES;
				GCC_WARN_ABOUT_RETURN_TYPE = YES_ERROR;
				GCC_WARN_UNDECLARED_SELECTOR = YES;
				GCC_WARN_UNINITIALIZED_AUTOS = YES_AGGRESSIVE;
				GCC_WARN_UNUSED_FUNCTION = YES;
				GCC_WARN_UNUSED_VARIABLE = YES;
				IPHONEOS_DEPLOYMENT_TARGET = 18.4;
				LOCALIZATION_PREFERS_STRING_CATALOGS = YES;
				MTL_ENABLE_DEBUG_INFO = NO;
				MTL_FAST_MATH = YES;
				SDKROOT = iphoneos;
				SWIFT_COMPILATION_MODE = wholemodule;
				VALIDATE_PRODUCT = YES;
			};
			name = Release;
		};
		A759AEC12DBF1A2F00BDEC15 /* Debug */ = {
			isa = XCBuildConfiguration;
			buildSettings = {
				ASSETCATALOG_COMPILER_APPICON_NAME = AppIcon;
				ASSETCATALOG_COMPILER_GLOBAL_ACCENT_COLOR_NAME = AccentColor;
				CODE_SIGN_STYLE = Automatic;
				CURRENT_PROJECT_VERSION = 1;
				DEVELOPMENT_TEAM = M9U8JU9VM9;
				ENABLE_PREVIEWS = YES;
				GENERATE_INFOPLIST_FILE = YES;
				INFOPLIST_KEY_UIApplicationSceneManifest_Generation = YES;
				INFOPLIST_KEY_UIApplicationSupportsIndirectInputEvents = YES;
				INFOPLIST_KEY_UILaunchScreen_Generation = YES;
				INFOPLIST_KEY_UISupportedInterfaceOrientations_iPad = "UIInterfaceOrientationPortrait UIInterfaceOrientationPortraitUpsideDown UIInterfaceOrientationLandscapeLeft UIInterfaceOrientationLandscapeRight";
				INFOPLIST_KEY_UISupportedInterfaceOrientations_iPhone = "UIInterfaceOrientationPortrait UIInterfaceOrientationLandscapeLeft UIInterfaceOrientationLandscapeRight";
				LD_RUNPATH_SEARCH_PATHS = (
					"$(inherited)",
					"@executable_path/Frameworks",
				);
				MARKETING_VERSION = 1.0;
				PRODUCT_BUNDLE_IDENTIFIER = com.devesh.MindfulMoment;
				PRODUCT_NAME = "$(TARGET_NAME)";
				SWIFT_EMIT_LOC_STRINGS = YES;
				SWIFT_VERSION = 5.0;
				TARGETED_DEVICE_FAMILY = "1,2";
			};
			name = Debug;
		};
		A759AEC22DBF1A2F00BDEC15 /* Release */ = {
			isa = XCBuildConfiguration;
			buildSettings = {
				ASSETCATALOG_COMPILER_APPICON_NAME = AppIcon;
				ASSETCATALOG_COMPILER_GLOBAL_ACCENT_COLOR_NAME = AccentColor;
				CODE_SIGN_STYLE = Automatic;
				CURRENT_PROJECT_VERSION = 1;
				DEVELOPMENT_TEAM = M9U8JU9VM9;
				ENABLE_PREVIEWS = YES;
				GENERATE_INFOPLIST_FILE = YES;
				INFOPLIST_KEY_UIApplicationSceneManifest_Generation = YES;
				INFOPLIST_KEY_UIApplicationSupportsIndirectInputEvents = YES;
				INFOPLIST_KEY_UILaunchScreen_Generation = YES;
				INFOPLIST_KEY_UISupportedInterfaceOrientations_iPad = "UIInterfaceOrientationPortrait UIInterfaceOrientationPortraitUpsideDown UIInterfaceOrientationLandscapeLeft UIInterfaceOrientationLandscapeRight";
				INFOPLIST_KEY_UISupportedInterfaceOrientations_iPhone = "UIInterfaceOrientationPortrait UIInterfaceOrientationLandscapeLeft UIInterfaceOrientationLandscapeRight";
				LD_RUNPATH_SEARCH_PATHS = (
					"$(inherited)",
					"@executable_path/Frameworks",
				);
				MARKETING_VERSION = 1.0;
				PRODUCT_BUNDLE_IDENTIFIER = com.devesh.MindfulMoment;
				PRODUCT_NAME = "$(TARGET_NAME)";
				SWIFT_EMIT_LOC_STRINGS = YES;
				SWIFT_VERSION = 5.0;
				TARGETED_DEVICE_FAMILY = "1,2";
			};
			name = Release;
		};
		A759AEC42DBF1A2F00BDEC15 /* Debug */ = {
			isa = XCBuildConfiguration;
			buildSettings = {
				BUNDLE_LOADER = "$(TEST_HOST)";
				CODE_SIGN_STYLE = Automatic;
				CURRENT_PROJECT_VERSION = 1;
				DEVELOPMENT_TEAM = M9U8JU9VM9;
				GENERATE_INFOPLIST_FILE = YES;
				IPHONEOS_DEPLOYMENT_TARGET = 18.4;
				MARKETING_VERSION = 1.0;
				PRODUCT_BUNDLE_IDENTIFIER = com.devesh.MindfulMomentTests;
				PRODUCT_NAME = "$(TARGET_NAME)";
				SWIFT_EMIT_LOC_STRINGS = NO;
				SWIFT_VERSION = 5.0;
				TARGETED_DEVICE_FAMILY = "1,2";
				TEST_HOST = "$(BUILT_PRODUCTS_DIR)/MindfulMoment.app/$(BUNDLE_EXECUTABLE_FOLDER_PATH)/MindfulMoment";
			};
			name = Debug;
		};
		A759AEC52DBF1A2F00BDEC15 /* Release */ = {
			isa = XCBuildConfiguration;
			buildSettings = {
				BUNDLE_LOADER = "$(TEST_HOST)";
				CODE_SIGN_STYLE = Automatic;
				CURRENT_PROJECT_VERSION = 1;
				DEVELOPMENT_TEAM = M9U8JU9VM9;
				GENERATE_INFOPLIST_FILE = YES;
				IPHONEOS_DEPLOYMENT_TARGET = 18.4;
				MARKETING_VERSION = 1.0;
				PRODUCT_BUNDLE_IDENTIFIER = com.devesh.MindfulMomentTests;
				PRODUCT_NAME = "$(TARGET_NAME)";
				SWIFT_EMIT_LOC_STRINGS = NO;
				SWIFT_VERSION = 5.0;
				TARGETED_DEVICE_FAMILY = "1,2";
				TEST_HOST = "$(BUILT_PRODUCTS_DIR)/MindfulMoment.app/$(BUNDLE_EXECUTABLE_FOLDER_PATH)/MindfulMoment";
			};
			name = Release;
		};
		A759AEC72DBF1A2F00BDEC15 /* Debug */ = {
			isa = XCBuildConfiguration;
			buildSettings = {
				CODE_SIGN_STYLE = Automatic;
				CURRENT_PROJECT_VERSION = 1;
				DEVELOPMENT_TEAM = M9U8JU9VM9;
				GENERATE_INFOPLIST_FILE = YES;
				MARKETING_VERSION = 1.0;
				PRODUCT_BUNDLE_IDENTIFIER = com.devesh.MindfulMomentUITests;
				PRODUCT_NAME = "$(TARGET_NAME)";
				SWIFT_EMIT_LOC_STRINGS = NO;
				SWIFT_VERSION = 5.0;
				TARGETED_DEVICE_FAMILY = "1,2";
				TEST_TARGET_NAME = MindfulMoment;
			};
			name = Debug;
		};
		A759AEC82DBF1A2F00BDEC15 /* Release */ = {
			isa = XCBuildConfiguration;
			buildSettings = {
				CODE_SIGN_STYLE = Automatic;
				CURRENT_PROJECT_VERSION = 1;
				DEVELOPMENT_TEAM = M9U8JU9VM9;
				GENERATE_INFOPLIST_FILE = YES;
				MARKETING_VERSION = 1.0;
				PRODUCT_BUNDLE_IDENTIFIER = com.devesh.MindfulMomentUITests;
				PRODUCT_NAME = "$(TARGET_NAME)";
				SWIFT_EMIT_LOC_STRINGS = NO;
				SWIFT_VERSION = 5.0;
				TARGETED_DEVICE_FAMILY = "1,2";
				TEST_TARGET_NAME = MindfulMoment;
			};
			name = Release;
		};
/* End XCBuildConfiguration section */

/* Begin XCConfigurationList section */
		A759AE952DBF1A2D00BDEC15 /* Build configuration list for PBXProject "MindfulMoment" */ = {
			isa = XCConfigurationList;
			buildConfigurations = (
				A759AEBE2DBF1A2F00BDEC15 /* Debug */,
				A759AEBF2DBF1A2F00BDEC15 /* Release */,
			);
			defaultConfigurationIsVisible = 0;
			defaultConfigurationName = Release;
		};
		A759AEC02DBF1A2F00BDEC15 /* Build configuration list for PBXNativeTarget "MindfulMoment" */ = {
			isa = XCConfigurationList;
			buildConfigurations = (
				A759AEC12DBF1A2F00BDEC15 /* Debug */,
				A759AEC22DBF1A2F00BDEC15 /* Release */,
			);
			defaultConfigurationIsVisible = 0;
			defaultConfigurationName = Release;
		};
		A759AEC32DBF1A2F00BDEC15 /* Build configuration list for PBXNativeTarget "MindfulMomentTests" */ = {
			isa = XCConfigurationList;
			buildConfigurations = (
				A759AEC42DBF1A2F00BDEC15 /* Debug */,
				A759AEC52DBF1A2F00BDEC15 /* Release */,
			);
			defaultConfigurationIsVisible = 0;
			defaultConfigurationName = Release;
		};
		A759AEC62DBF1A2F00BDEC15 /* Build configuration list for PBXNativeTarget "MindfulMomentUITests" */ = {
			isa = XCConfigurationList;
			buildConfigurations = (
				A759AEC72DBF1A2F00BDEC15 /* Debug */,
				A759AEC82DBF1A2F00BDEC15 /* Release */,
			);
			defaultConfigurationIsVisible = 0;
			defaultConfigurationName = Release;
		};
/* End XCConfigurationList section */
	};
	rootObject = A759AE922DBF1A2D00BDEC15 /* Project object */;
}
